
Microsoft Visual Studio Solution File, Format Version 12.00
# Visual Studio Version 16
VisualStudioVersion = 16.0.31025.194
MinimumVisualStudioVersion = 10.0.40219.1
Project("{FAE04EC0-301F-11D3-BF4B-00C04F79EFBC}") = "CinemaApi", "CinemaApi\CinemaApi.csproj", "{B245F7BC-4CD5-4519-B3AE-02A7D6F93415}"
EndProject
Global
	GlobalSection(SolutionConfigurationPlatforms) = preSolution
		Debug|Any CPU = Debug|Any CPU
		Release|Any CPU = Release|Any CPU
	EndGlobalSection
	GlobalSection(ProjectConfigurationPlatforms) = postSolution
		{B245F7BC-4CD5-4519-B3AE-02A7D6F93415}.Debug|Any CPU.ActiveCfg = Debug|Any CPU
		{B245F7BC-4CD5-4519-B3AE-02A7D6F93415}.Debug|Any CPU.Build.0 = Debug|Any CPU
		{B245F7BC-4CD5-4519-B3AE-02A7D6F93415}.Release|Any CPU.ActiveCfg = Release|Any CPU
		{B245F7BC-4CD5-4519-B3AE-02A7D6F93415}.Release|Any CPU.Build.0 = Release|Any CPU
	EndGlobalSection
	GlobalSection(SolutionProperties) = preSolution
		HideSolutionNode = FALSE
	EndGlobalSection
	GlobalSection(ExtensibilityGlobals) = postSolution
		SolutionGuid = {0B8C93DE-0C93-43BE-ACA8-9D23B0A856E9}
	EndGlobalSection
EndGlobal
